
Microsoft Visual Studio Solution File, Format Version 12.00
# Visual Studio Version 16
VisualStudioVersion = 16.0.31410.357
MinimumVisualStudioVersion = 10.0.40219.1
Project("{FAE04EC0-301F-11D3-BF4B-00C04F79EFBC}") = "THS.Workshop.Infrastructure", "THS.Workshop.Infrastructure\THS.Workshop.Infrastructure.csproj", "{74883D71-11E2-4F34-ACC6-22D8A3C13B11}"
EndProject
Project("{00D1A9C2-B5F0-4AF3-8072-F6C62B433612}") = "THS.Workshop.DB", "THS.Workshop.DB\THS.Workshop.DB.sqlproj", "{949DAB76-DFFA-4D5E-92E9-A372F8A45AE8}"
EndProject
Project("{9A19103F-16F7-4668-BE54-9A1E7A4F7556}") = "THS.Workshop.InfrastructureTest", "THS.Workshop.InfrastructureTest\THS.Workshop.InfrastructureTest.csproj", "{37F333BC-2C63-4E46-9194-486E573651E9}"
EndProject
Global
	GlobalSection(SolutionConfigurationPlatforms) = preSolution
		Debug|Any CPU = Debug|Any CPU
		Release|Any CPU = Release|Any CPU
	EndGlobalSection
	GlobalSection(ProjectConfigurationPlatforms) = postSolution
		{74883D71-11E2-4F34-ACC6-22D8A3C13B11}.Debug|Any CPU.ActiveCfg = Debug|Any CPU
		{74883D71-11E2-4F34-ACC6-22D8A3C13B11}.Debug|Any CPU.Build.0 = Debug|Any CPU
		{74883D71-11E2-4F34-ACC6-22D8A3C13B11}.Release|Any CPU.ActiveCfg = Release|Any CPU
		{74883D71-11E2-4F34-ACC6-22D8A3C13B11}.Release|Any CPU.Build.0 = Release|Any CPU
		{949DAB76-DFFA-4D5E-92E9-A372F8A45AE8}.Debug|Any CPU.ActiveCfg = Debug|Any CPU
		{949DAB76-DFFA-4D5E-92E9-A372F8A45AE8}.Debug|Any CPU.Build.0 = Debug|Any CPU
		{949DAB76-DFFA-4D5E-92E9-A372F8A45AE8}.Debug|Any CPU.Deploy.0 = Debug|Any CPU
		{949DAB76-DFFA-4D5E-92E9-A372F8A45AE8}.Release|Any CPU.ActiveCfg = Release|Any CPU
		{949DAB76-DFFA-4D5E-92E9-A372F8A45AE8}.Release|Any CPU.Build.0 = Release|Any CPU
		{949DAB76-DFFA-4D5E-92E9-A372F8A45AE8}.Release|Any CPU.Deploy.0 = Release|Any CPU
		{37F333BC-2C63-4E46-9194-486E573651E9}.Debug|Any CPU.ActiveCfg = Debug|Any CPU
		{37F333BC-2C63-4E46-9194-486E573651E9}.Debug|Any CPU.Build.0 = Debug|Any CPU
		{37F333BC-2C63-4E46-9194-486E573651E9}.Release|Any CPU.ActiveCfg = Release|Any CPU
		{37F333BC-2C63-4E46-9194-486E573651E9}.Release|Any CPU.Build.0 = Release|Any CPU
	EndGlobalSection
	GlobalSection(SolutionProperties) = preSolution
		HideSolutionNode = FALSE
	EndGlobalSection
	GlobalSection(ExtensibilityGlobals) = postSolution
		SolutionGuid = {F295C97F-68CD-4923-8D9D-3B33B95B63C2}
	EndGlobalSection
EndGlobal
